{
  "name": "baseline-browser-mapping",
  "lockfileVersion": 3,
  "requires": true,
  "packages": {
    "": {
      "dependencies": {
        "baseline-browser-mapping": "^2.4.1"
      }
    },
    "node_modules/@mdn/browser-compat-data": {
      "version": "6.0.14",
      "resolved": "https://registry.npmjs.org/@mdn/browser-compat-data/-/browser-compat-data-6.0.14.tgz",
      "integrity": "sha512-WyNFl0UDRo/gUgp6bwvW/N0zv2DDQlmJB6G9svGBi9VSTXSww2IJj1PKwhlcXVQSD0B2fzL9bIFyCMJl4A1aLA==",
      "license": "CC0-1.0"
    },
    "node_modules/baseline-browser-mapping": {
      "version": "2.4.1",
      "resolved": "https://registry.npmjs.org/baseline-browser-mapping/-/baseline-browser-mapping-2.4.1.tgz",
      "integrity": "sha512-x2Z9jkNB6D1/sTM/IY8XU3v8OlY2NrYVT5TEZicMW5OL+MHz/Ac/D3qW27Dk01Z+Vbtlk/h/GSClc65uO5pEPA==",
      "license": "Apache-2.0",
      "dependencies": {
        "@mdn/browser-compat-data": "^6.0.13",
        "web-features": "^2.34.2"
      }
    },
    "node_modules/web-features": {
      "version": "2.35.0",
      "resolved": "https://registry.npmjs.org/web-features/-/web-features-2.35.0.tgz",
      "integrity": "sha512-FZaOGdbjnODpn1xhecV8qEqxsLbanzshJDH88Jwex9VbhLKzbLTI8ADnR4OzJzoGf1owDQNX4BomTZJ/3EDeZw==",
      "license": "Apache-2.0"
    }
  }
}
